
Microsoft Visual Studio Solution File, Format Version 12.00
# Visual Studio Version 17
VisualStudioVersion = 17.7.34009.444
MinimumVisualStudioVersion = 10.0.40219.1
Project("{FAE04EC0-301F-11D3-BF4B-00C04F79EFBC}") = "WinFormsApp1", "WinFormsApp1\WinFormsApp1.csproj", "{226165D3-10A8-43C0-B83E-2DE169CB45C3}"
EndProject
Global
	GlobalSection(SolutionConfigurationPlatforms) = preSolution
		Debug|Any CPU = Debug|Any CPU
		Release|Any CPU = Release|Any CPU
	EndGlobalSection
	GlobalSection(ProjectConfigurationPlatforms) = postSolution
		{226165D3-10A8-43C0-B83E-2DE169CB45C3}.Debug|Any CPU.ActiveCfg = Debug|Any CPU
		{226165D3-10A8-43C0-B83E-2DE169CB45C3}.Debug|Any CPU.Build.0 = Debug|Any CPU
		{226165D3-10A8-43C0-B83E-2DE169CB45C3}.Release|Any CPU.ActiveCfg = Release|Any CPU
		{226165D3-10A8-43C0-B83E-2DE169CB45C3}.Release|Any CPU.Build.0 = Release|Any CPU
	EndGlobalSection
	GlobalSection(SolutionProperties) = preSolution
		HideSolutionNode = FALSE
	EndGlobalSection
	GlobalSection(ExtensibilityGlobals) = postSolution
		SolutionGuid = {73616FD1-455E-4BE6-BC11-9610FC4233FA}
	EndGlobalSection
EndGlobal
